# THIS IS AN AUTOGENERATED FILE. DO NOT EDIT THIS FILE DIRECTLY.
# yarn lockfile v1


"@napi-rs/cli@^2.4.2":
  version "2.4.2"
  resolved "https://registry.yarnpkg.com/@napi-rs/cli/-/cli-2.4.2.tgz#89b32c7d8776004bc9617915605aea769339cf6f"
  integrity sha512-+yCOuPqernvD8BMphbadF87ElaJ0rjanOZrbnauaEdR07YyoalGw3FTk15HHyflIwQKlYd69gkG5EM4WFkICKw==

"@napi-rs/triples@^1.1.0":
  version "1.1.0"
  resolved "https://registry.yarnpkg.com/@napi-rs/triples/-/triples-1.1.0.tgz#88c35b72e79a20b79bb4c9b3e2817241a1c9f4f9"
  integrity sha512-XQr74QaLeMiqhStEhLn1im9EOMnkypp7MZOwQhGzqp2Weu5eQJbpPxWxixxlYRKWPOmJjsk6qYfYH9kq43yc2w==

"@node-rs/helper@^1.3.3":
  version "1.3.3"
  resolved "https://registry.yarnpkg.com/@node-rs/helper/-/helper-1.3.3.tgz#2b1953846ddba31bfb7ecf4ba57e7b1359fcdedc"
  integrity sha512-p4OdfQObGN9YFy5WZaGwlPYICQSe7xZYyXB0sxREmvj1HzGKp5bPg2PlfgfMZEfnjIA882B9ZrnagYzZihIwjA==
  dependencies:
    "@napi-rs/triples" "^1.1.0"
